
Microsoft Visual Studio Solution File, Format Version 12.00
# Visual Studio Version 16
VisualStudioVersion = 16.0.28803.156
MinimumVisualStudioVersion = 10.0.40219.1
Project("{FAE04EC0-301F-11D3-BF4B-00C04F79EFBC}") = "Convex", "Convex\Convex.csproj", "{B035A722-3619-4FE6-B497-DC06ECB820BF}"
EndProject
Global
	GlobalSection(SolutionConfigurationPlatforms) = preSolution
		Debug|Any CPU = Debug|Any CPU
		Release|Any CPU = Release|Any CPU
	EndGlobalSection
	GlobalSection(ProjectConfigurationPlatforms) = postSolution
		{B035A722-3619-4FE6-B497-DC06ECB820BF}.Debug|Any CPU.ActiveCfg = Debug|Any CPU
		{B035A722-3619-4FE6-B497-DC06ECB820BF}.Debug|Any CPU.Build.0 = Debug|Any CPU
		{B035A722-3619-4FE6-B497-DC06ECB820BF}.Release|Any CPU.ActiveCfg = Release|Any CPU
		{B035A722-3619-4FE6-B497-DC06ECB820BF}.Release|Any CPU.Build.0 = Release|Any CPU
	EndGlobalSection
	GlobalSection(SolutionProperties) = preSolution
		HideSolutionNode = FALSE
	EndGlobalSection
	GlobalSection(ExtensibilityGlobals) = postSolution
		SolutionGuid = {DC02A9D7-608E-4906-A185-2C789B4F44DA}
	EndGlobalSection
EndGlobal
